
Microsoft Visual Studio Solution File, Format Version 12.00
# Visual Studio 2013
VisualStudioVersion = 12.0.21005.1
MinimumVisualStudioVersion = 10.0.40219.1
Project("{8BC9CEB8-8B4A-11D0-8D11-00A0C91BC942}") = "453最小移动次数使得数组元素相等", "453最小移动次数使得数组元素相等\453最小移动次数使得数组元素相等.vcxproj", "{907BAE72-1F0A-447C-9860-F25658221E3F}"
EndProject
Global
	GlobalSection(SolutionConfigurationPlatforms) = preSolution
		Debug|Win32 = Debug|Win32
		Release|Win32 = Release|Win32
	EndGlobalSection
	GlobalSection(ProjectConfigurationPlatforms) = postSolution
		{907BAE72-1F0A-447C-9860-F25658221E3F}.Debug|Win32.ActiveCfg = Debug|Win32
		{907BAE72-1F0A-447C-9860-F25658221E3F}.Debug|Win32.Build.0 = Debug|Win32
		{907BAE72-1F0A-447C-9860-F25658221E3F}.Release|Win32.ActiveCfg = Release|Win32
		{907BAE72-1F0A-447C-9860-F25658221E3F}.Release|Win32.Build.0 = Release|Win32
	EndGlobalSection
	GlobalSection(SolutionProperties) = preSolution
		HideSolutionNode = FALSE
	EndGlobalSection
EndGlobal
