
Microsoft Visual Studio Solution File, Format Version 12.00
# Visual Studio 2013
VisualStudioVersion = 12.0.21005.1
MinimumVisualStudioVersion = 10.0.40219.1
Project("{8BC9CEB8-8B4A-11D0-8D11-00A0C91BC942}") = "46.全排列", "46.全排列\46.全排列.vcxproj", "{933125A1-065E-4702-B92D-F1A1CFAF4DE5}"
EndProject
Global
	GlobalSection(SolutionConfigurationPlatforms) = preSolution
		Debug|Win32 = Debug|Win32
		Release|Win32 = Release|Win32
	EndGlobalSection
	GlobalSection(ProjectConfigurationPlatforms) = postSolution
		{933125A1-065E-4702-B92D-F1A1CFAF4DE5}.Debug|Win32.ActiveCfg = Debug|Win32
		{933125A1-065E-4702-B92D-F1A1CFAF4DE5}.Debug|Win32.Build.0 = Debug|Win32
		{933125A1-065E-4702-B92D-F1A1CFAF4DE5}.Release|Win32.ActiveCfg = Release|Win32
		{933125A1-065E-4702-B92D-F1A1CFAF4DE5}.Release|Win32.Build.0 = Release|Win32
	EndGlobalSection
	GlobalSection(SolutionProperties) = preSolution
		HideSolutionNode = FALSE
	EndGlobalSection
EndGlobal
